
Microsoft Visual Studio Solution File, Format Version 12.00
# Visual Studio Version 17
VisualStudioVersion = 17.6.33829.357
MinimumVisualStudioVersion = 10.0.40219.1
Project("{9A19103F-16F7-4668-BE54-9A1E7A4F7556}") = "ProductManagementAss2", "ProductManagementAss2\ProductManagementAss2.csproj", "{1477F77C-8895-4994-A530-E9B8DA70C379}"
EndProject
Project("{FAE04EC0-301F-11D3-BF4B-00C04F79EFBC}") = "ProductManagementTest", "ProductManagementTest\ProductManagementTest.csproj", "{44CF772A-48A3-4EA6-B0FB-F5E5104FECFE}"
EndProject
Global
	GlobalSection(SolutionConfigurationPlatforms) = preSolution
		Debug|Any CPU = Debug|Any CPU
		Release|Any CPU = Release|Any CPU
	EndGlobalSection
	GlobalSection(ProjectConfigurationPlatforms) = postSolution
		{1477F77C-8895-4994-A530-E9B8DA70C379}.Debug|Any CPU.ActiveCfg = Debug|Any CPU
		{1477F77C-8895-4994-A530-E9B8DA70C379}.Debug|Any CPU.Build.0 = Debug|Any CPU
		{1477F77C-8895-4994-A530-E9B8DA70C379}.Release|Any CPU.ActiveCfg = Release|Any CPU
		{1477F77C-8895-4994-A530-E9B8DA70C379}.Release|Any CPU.Build.0 = Release|Any CPU
		{44CF772A-48A3-4EA6-B0FB-F5E5104FECFE}.Debug|Any CPU.ActiveCfg = Debug|Any CPU
		{44CF772A-48A3-4EA6-B0FB-F5E5104FECFE}.Debug|Any CPU.Build.0 = Debug|Any CPU
		{44CF772A-48A3-4EA6-B0FB-F5E5104FECFE}.Release|Any CPU.ActiveCfg = Release|Any CPU
		{44CF772A-48A3-4EA6-B0FB-F5E5104FECFE}.Release|Any CPU.Build.0 = Release|Any CPU
	EndGlobalSection
	GlobalSection(SolutionProperties) = preSolution
		HideSolutionNode = FALSE
	EndGlobalSection
	GlobalSection(ExtensibilityGlobals) = postSolution
		SolutionGuid = {D6A1A8A5-1586-4926-9823-E3DF1F1412C2}
	EndGlobalSection
EndGlobal
